
Microsoft Visual Studio Solution File, Format Version 12.00
# Visual Studio Version 17
VisualStudioVersion = 17.11.35222.181
MinimumVisualStudioVersion = 10.0.40219.1
Project("{FAE04EC0-301F-11D3-BF4B-00C04F79EFBC}") = "WindowsFormsApp1", "WindowsFormsApp1\WindowsFormsApp1.csproj", "{ED5EEA6A-F662-47B6-9193-DA8171F01542}"
EndProject
Global
	GlobalSection(SolutionConfigurationPlatforms) = preSolution
		Debug|Any CPU = Debug|Any CPU
		Release|Any CPU = Release|Any CPU
	EndGlobalSection
	GlobalSection(ProjectConfigurationPlatforms) = postSolution
		{ED5EEA6A-F662-47B6-9193-DA8171F01542}.Debug|Any CPU.ActiveCfg = Debug|Any CPU
		{ED5EEA6A-F662-47B6-9193-DA8171F01542}.Debug|Any CPU.Build.0 = Debug|Any CPU
		{ED5EEA6A-F662-47B6-9193-DA8171F01542}.Release|Any CPU.ActiveCfg = Release|Any CPU
		{ED5EEA6A-F662-47B6-9193-DA8171F01542}.Release|Any CPU.Build.0 = Release|Any CPU
	EndGlobalSection
	GlobalSection(SolutionProperties) = preSolution
		HideSolutionNode = FALSE
	EndGlobalSection
	GlobalSection(ExtensibilityGlobals) = postSolution
		SolutionGuid = {721BEBE8-7B08-4323-B9B9-B4EE7B3B63CA}
	EndGlobalSection
EndGlobal
